
Microsoft Visual Studio Solution File, Format Version 12.00
# Visual Studio Version 16
VisualStudioVersion = 16.0.29728.190
MinimumVisualStudioVersion = 10.0.40219.1
Project("{FAE04EC0-301F-11D3-BF4B-00C04F79EFBC}") = "MijnGebruiksaanwijzing", "MijnGebruiksaanwijzing\MijnGebruiksaanwijzing.csproj", "{2A49D695-EE3C-4871-A8E8-03FB073AE05E}"
EndProject
Global
	GlobalSection(SolutionConfigurationPlatforms) = preSolution
		Debug|Any CPU = Debug|Any CPU
		Release|Any CPU = Release|Any CPU
	EndGlobalSection
	GlobalSection(ProjectConfigurationPlatforms) = postSolution
		{2A49D695-EE3C-4871-A8E8-03FB073AE05E}.Debug|Any CPU.ActiveCfg = Debug|Any CPU
		{2A49D695-EE3C-4871-A8E8-03FB073AE05E}.Debug|Any CPU.Build.0 = Debug|Any CPU
		{2A49D695-EE3C-4871-A8E8-03FB073AE05E}.Release|Any CPU.ActiveCfg = Release|Any CPU
		{2A49D695-EE3C-4871-A8E8-03FB073AE05E}.Release|Any CPU.Build.0 = Release|Any CPU
	EndGlobalSection
	GlobalSection(SolutionProperties) = preSolution
		HideSolutionNode = FALSE
	EndGlobalSection
	GlobalSection(ExtensibilityGlobals) = postSolution
		SolutionGuid = {196A11B4-630E-4A26-AF3C-C19F386EF778}
	EndGlobalSection
EndGlobal
